
Microsoft Visual Studio Solution File, Format Version 12.00
# Visual Studio Version 17
VisualStudioVersion = 17.5.002.0
MinimumVisualStudioVersion = 10.0.40219.1
Project("{9A19103F-16F7-4668-BE54-9A1E7A4F7556}") = "Domain", "Domain\Domain.csproj", "{3BC09539-E7EE-4F07-8785-15AD856F8D57}"
EndProject
Project("{9A19103F-16F7-4668-BE54-9A1E7A4F7556}") = "Infrastructure", "Infrastructure\Infrastructure.csproj", "{BD014150-0FB0-459D-A07A-60C15C9311E0}"
EndProject
Project("{9A19103F-16F7-4668-BE54-9A1E7A4F7556}") = "MainApp", "MainApp\MainApp.csproj", "{8FBD9E11-41C6-4E1D-B1ED-8675EC453C2B}"
EndProject
Global
	GlobalSection(SolutionConfigurationPlatforms) = preSolution
		Debug|Any CPU = Debug|Any CPU
		Release|Any CPU = Release|Any CPU
	EndGlobalSection
	GlobalSection(ProjectConfigurationPlatforms) = postSolution
		{3BC09539-E7EE-4F07-8785-15AD856F8D57}.Debug|Any CPU.ActiveCfg = Debug|Any CPU
		{3BC09539-E7EE-4F07-8785-15AD856F8D57}.Debug|Any CPU.Build.0 = Debug|Any CPU
		{3BC09539-E7EE-4F07-8785-15AD856F8D57}.Release|Any CPU.ActiveCfg = Release|Any CPU
		{3BC09539-E7EE-4F07-8785-15AD856F8D57}.Release|Any CPU.Build.0 = Release|Any CPU
		{BD014150-0FB0-459D-A07A-60C15C9311E0}.Debug|Any CPU.ActiveCfg = Debug|Any CPU
		{BD014150-0FB0-459D-A07A-60C15C9311E0}.Debug|Any CPU.Build.0 = Debug|Any CPU
		{BD014150-0FB0-459D-A07A-60C15C9311E0}.Release|Any CPU.ActiveCfg = Release|Any CPU
		{BD014150-0FB0-459D-A07A-60C15C9311E0}.Release|Any CPU.Build.0 = Release|Any CPU
		{8FBD9E11-41C6-4E1D-B1ED-8675EC453C2B}.Debug|Any CPU.ActiveCfg = Debug|Any CPU
		{8FBD9E11-41C6-4E1D-B1ED-8675EC453C2B}.Debug|Any CPU.Build.0 = Debug|Any CPU
		{8FBD9E11-41C6-4E1D-B1ED-8675EC453C2B}.Release|Any CPU.ActiveCfg = Release|Any CPU
		{8FBD9E11-41C6-4E1D-B1ED-8675EC453C2B}.Release|Any CPU.Build.0 = Release|Any CPU
	EndGlobalSection
	GlobalSection(SolutionProperties) = preSolution
		HideSolutionNode = FALSE
	EndGlobalSection
	GlobalSection(ExtensibilityGlobals) = postSolution
		SolutionGuid = {3B378151-ABC1-42AA-838B-67590B62C8AB}
	EndGlobalSection
EndGlobal
